github.com/han-YYDS/mymod v0.0.0 h1:99Wg6oRXs+5mcgh6NsMBQO/Yff/i+lymHsxk1BAqTb8=
github.com/han-YYDS/mymod v0.0.0/go.mod h1:3S8w/666Jc0pqUPN/x2n5aT7dJsZUnWPwUsgqP2/6N0=
github.com/han-YYDS/mymod v0.0.1 h1:Gzrc22FyrBmbXQlWQbAsyXLziPW0aOnH6ZuW9VQy5Ic=
github.com/han-YYDS/mymod v0.0.1/go.mod h1:3S8w/666Jc0pqUPN/x2n5aT7dJsZUnWPwUsgqP2/6N0=
